
Microsoft Visual Studio Solution File, Format Version 12.00
# Visual Studio Version 17
VisualStudioVersion = 17.10.35013.160
MinimumVisualStudioVersion = 10.0.40219.1
Project("{FAE04EC0-301F-11D3-BF4B-00C04F79EFBC}") = "KoiVeterinaryServiceCenter.API", "KoiVeterinaryServiceCenter.API.csproj", "{38C5C8BA-68B8-40D3-BC9A-91E8B9C31DD6}"
EndProject
Project("{FAE04EC0-301F-11D3-BF4B-00C04F79EFBC}") = "KoiVeterinaryServiceCenter.DataAccess", "..\KoiVeterinaryServiceCenter.DataAccess\KoiVeterinaryServiceCenter.DataAccess.csproj", "{765E5D34-3F6E-4F0A-924D-89838C70D1E9}"
EndProject
Project("{FAE04EC0-301F-11D3-BF4B-00C04F79EFBC}") = "KoiVeterinaryServiceCenter.Model", "..\KoiVeterinaryServiceCenter.Model\KoiVeterinaryServiceCenter.Model.csproj", "{304B7144-73D0-452C-ACA9-6A386684FBCC}"
EndProject
Project("{FAE04EC0-301F-11D3-BF4B-00C04F79EFBC}") = "KoiVeterinaryServiceCenter.Services", "..\KoiVeterinaryServiceCenter.Services\KoiVeterinaryServiceCenter.Services.csproj", "{CD0A9FBF-F867-445B-916C-6696AD970D23}"
EndProject
Project("{FAE04EC0-301F-11D3-BF4B-00C04F79EFBC}") = "KoiVeterinaryServiceCenter.Utility", "..\KoiVeterinaryServiceCenter.Utility\KoiVeterinaryServiceCenter.Utility.csproj", "{A4348B12-AD7F-4794-8EC1-9DFDE49C5C4B}"
EndProject
Global
	GlobalSection(SolutionConfigurationPlatforms) = preSolution
		Debug|Any CPU = Debug|Any CPU
		Release|Any CPU = Release|Any CPU
	EndGlobalSection
	GlobalSection(ProjectConfigurationPlatforms) = postSolution
		{38C5C8BA-68B8-40D3-BC9A-91E8B9C31DD6}.Debug|Any CPU.ActiveCfg = Debug|Any CPU
		{38C5C8BA-68B8-40D3-BC9A-91E8B9C31DD6}.Debug|Any CPU.Build.0 = Debug|Any CPU
		{38C5C8BA-68B8-40D3-BC9A-91E8B9C31DD6}.Release|Any CPU.ActiveCfg = Release|Any CPU
		{38C5C8BA-68B8-40D3-BC9A-91E8B9C31DD6}.Release|Any CPU.Build.0 = Release|Any CPU
		{765E5D34-3F6E-4F0A-924D-89838C70D1E9}.Debug|Any CPU.ActiveCfg = Debug|Any CPU
		{765E5D34-3F6E-4F0A-924D-89838C70D1E9}.Debug|Any CPU.Build.0 = Debug|Any CPU
		{765E5D34-3F6E-4F0A-924D-89838C70D1E9}.Release|Any CPU.ActiveCfg = Release|Any CPU
		{765E5D34-3F6E-4F0A-924D-89838C70D1E9}.Release|Any CPU.Build.0 = Release|Any CPU
		{304B7144-73D0-452C-ACA9-6A386684FBCC}.Debug|Any CPU.ActiveCfg = Debug|Any CPU
		{304B7144-73D0-452C-ACA9-6A386684FBCC}.Debug|Any CPU.Build.0 = Debug|Any CPU
		{304B7144-73D0-452C-ACA9-6A386684FBCC}.Release|Any CPU.ActiveCfg = Release|Any CPU
		{304B7144-73D0-452C-ACA9-6A386684FBCC}.Release|Any CPU.Build.0 = Release|Any CPU
		{CD0A9FBF-F867-445B-916C-6696AD970D23}.Debug|Any CPU.ActiveCfg = Debug|Any CPU
		{CD0A9FBF-F867-445B-916C-6696AD970D23}.Debug|Any CPU.Build.0 = Debug|Any CPU
		{CD0A9FBF-F867-445B-916C-6696AD970D23}.Release|Any CPU.ActiveCfg = Release|Any CPU
		{CD0A9FBF-F867-445B-916C-6696AD970D23}.Release|Any CPU.Build.0 = Release|Any CPU
		{A4348B12-AD7F-4794-8EC1-9DFDE49C5C4B}.Debug|Any CPU.ActiveCfg = Debug|Any CPU
		{A4348B12-AD7F-4794-8EC1-9DFDE49C5C4B}.Debug|Any CPU.Build.0 = Debug|Any CPU
		{A4348B12-AD7F-4794-8EC1-9DFDE49C5C4B}.Release|Any CPU.ActiveCfg = Release|Any CPU
		{A4348B12-AD7F-4794-8EC1-9DFDE49C5C4B}.Release|Any CPU.Build.0 = Release|Any CPU
	EndGlobalSection
	GlobalSection(SolutionProperties) = preSolution
		HideSolutionNode = FALSE
	EndGlobalSection
	GlobalSection(ExtensibilityGlobals) = postSolution
		SolutionGuid = {871F4B31-A013-49BE-B897-9F805A968547}
	EndGlobalSection
EndGlobal
